{
  "name": "jsinhtml",
  "version": "1.0.0",
  "lockfileVersion": 2,
  "requires": true,
  "packages": {
    "": {
      "name": "jsinhtml",
      "version": "1.0.0",
      "license": "ISC",
      "dependencies": {
        "fm.liveswitch": "^1.13.1-54330"
      }
    },
    "node_modules/fm.liveswitch": {
      "version": "1.13.1-54330",
      "resolved": "https://registry.npmjs.org/fm.liveswitch/-/fm.liveswitch-1.13.1-54330.tgz",
      "integrity": "sha512-03VvIkQIzTWNYkjsUc5gdi9yROHp13tTG8/b++f/PblgMzk5mvIW2qfLSThIKazcSmi5XAngnkW0k0ajdob1ew=="
    }
  },
  "dependencies": {
    "fm.liveswitch": {
      "version": "1.13.1-54330",
      "resolved": "https://registry.npmjs.org/fm.liveswitch/-/fm.liveswitch-1.13.1-54330.tgz",
      "integrity": "sha512-03VvIkQIzTWNYkjsUc5gdi9yROHp13tTG8/b++f/PblgMzk5mvIW2qfLSThIKazcSmi5XAngnkW0k0ajdob1ew=="
    }
  }
}
